// !$*UTF8*$!
{
	archiveVersion = 1;
	classes = {
	};
	objectVersion = 48;
	objects = {

/* Begin PBXBuildFile section */
		096ABC29971A4340F447E504 /* Pods_Todoey.framework in Frameworks */ = {isa = PBXBuildFile; fileRef = 794C49003311BCB344C9A3E7 /* Pods_Todoey.framework */; };
		FC33AEF1203C2077006D36A0 /* AppDelegate.swift in Sources */ = {isa = PBXBuildFile; fileRef = FC33AEF0203C2077006D36A0 /* AppDelegate.swift */; };
		FC33AEF3203C2078006D36A0 /* TodoListWiewController.swift in Sources */ = {isa = PBXBuildFile; fileRef = FC33AEF2203C2078006D36A0 /* TodoListWiewController.swift */; };
		FC33AEF6203C2078006D36A0 /* Main.storyboard in Resources */ = {isa = PBXBuildFile; fileRef = FC33AEF4203C2078006D36A0 /* Main.storyboard */; };
		FC33AEF8203C2078006D36A0 /* Assets.xcassets in Resources */ = {isa = PBXBuildFile; fileRef = FC33AEF7203C2078006D36A0 /* Assets.xcassets */; };
		FC33AEFB203C2078006D36A0 /* LaunchScreen.storyboard in Resources */ = {isa = PBXBuildFile; fileRef = FC33AEF9203C2078006D36A0 /* LaunchScreen.storyboard */; };
		FC33AF0A203D6962006D36A0 /* DataModel.xcdatamodeld in Sources */ = {isa = PBXBuildFile; fileRef = FC33AF08203D6961006D36A0 /* DataModel.xcdatamodeld */; };
		FC33AF2F204014CE006D36A0 /* CategoryViewController.swift in Sources */ = {isa = PBXBuildFile; fileRef = FC33AF2E204014CE006D36A0 /* CategoryViewController.swift */; };
/* End PBXBuildFile section */

/* Begin PBXFileReference section */
		794C49003311BCB344C9A3E7 /* Pods_Todoey.framework */ = {isa = PBXFileReference; explicitFileType = wrapper.framework; includeInIndex = 0; path = Pods_Todoey.framework; sourceTree = BUILT_PRODUCTS_DIR; };
		85184DFDE69D0DEF3F3919ED /* Pods-Todoey.debug.xcconfig */ = {isa = PBXFileReference; includeInIndex = 1; lastKnownFileType = text.xcconfig; name = "Pods-Todoey.debug.xcconfig"; path = "Pods/Target Support Files/Pods-Todoey/Pods-Todoey.debug.xcconfig"; sourceTree = "<group>"; };
		DC9E35407E196133CEB154B4 /* Pods-Todoey.release.xcconfig */ = {isa = PBXFileReference; includeInIndex = 1; lastKnownFileType = text.xcconfig; name = "Pods-Todoey.release.xcconfig"; path = "Pods/Target Support Files/Pods-Todoey/Pods-Todoey.release.xcconfig"; sourceTree = "<group>"; };
		FC33AEED203C2077006D36A0 /* Todoey.app */ = {isa = PBXFileReference; explicitFileType = wrapper.application; includeInIndex = 0; path = Todoey.app; sourceTree = BUILT_PRODUCTS_DIR; };
		FC33AEF0203C2077006D36A0 /* AppDelegate.swift */ = {isa = PBXFileReference; lastKnownFileType = sourcecode.swift; path = AppDelegate.swift; sourceTree = "<group>"; };
		FC33AEF2203C2078006D36A0 /* TodoListWiewController.swift */ = {isa = PBXFileReference; lastKnownFileType = sourcecode.swift; path = TodoListWiewController.swift; sourceTree = "<group>"; };
		FC33AEF5203C2078006D36A0 /* Base */ = {isa = PBXFileReference; lastKnownFileType = file.storyboard; name = Base; path = Base.lproj/Main.storyboard; sourceTree = "<group>"; };
		FC33AEF7203C2078006D36A0 /* Assets.xcassets */ = {isa = PBXFileReference; lastKnownFileType = folder.assetcatalog; path = Assets.xcassets; sourceTree = "<group>"; };
		FC33AEFA203C2078006D36A0 /* Base */ = {isa = PBXFileReference; lastKnownFileType = file.storyboard; name = Base; path = Base.lproj/LaunchScreen.storyboard; sourceTree = "<group>"; };
		FC33AEFC203C2078006D36A0 /* Info.plist */ = {isa = PBXFileReference; lastKnownFileType = text.plist.xml; path = Info.plist; sourceTree = "<group>"; };
		FC33AF09203D6962006D36A0 /* DataModel.xcdatamodel */ = {isa = PBXFileReference; lastKnownFileType = wrapper.xcdatamodel; path = DataModel.xcdatamodel; sourceTree = "<group>"; };
		FC33AF2E204014CE006D36A0 /* CategoryViewController.swift */ = {isa = PBXFileReference; lastKnownFileType = sourcecode.swift; path = CategoryViewController.swift; sourceTree = "<group>"; };
/* End PBXFileReference section */

/* Begin PBXFrameworksBuildPhase section */
		FC33AEEA203C2077006D36A0 /* Frameworks */ = {
			isa = PBXFrameworksBuildPhase;
			buildActionMask = 2147483647;
			files = (
				096ABC29971A4340F447E504 /* Pods_Todoey.framework in Frameworks */,
			);
			runOnlyForDeploymentPostprocessing = 0;
		};
/* End PBXFrameworksBuildPhase section */

/* Begin PBXGroup section */
		09E4428BAA83FEA3A35EB170 /* Pods */ = {
			isa = PBXGroup;
			children = (
				85184DFDE69D0DEF3F3919ED /* Pods-Todoey.debug.xcconfig */,
				DC9E35407E196133CEB154B4 /* Pods-Todoey.release.xcconfig */,
			);
			name = Pods;
			sourceTree = "<group>";
		};
		36365515EADC9497A8BB10B9 /* Frameworks */ = {
			isa = PBXGroup;
			children = (
				794C49003311BCB344C9A3E7 /* Pods_Todoey.framework */,
			);
			name = Frameworks;
			sourceTree = "<group>";
		};
		FC33AEE4203C2077006D36A0 = {
			isa = PBXGroup;
			children = (
				FC33AEEF203C2077006D36A0 /* Todoey */,
				FC33AEEE203C2077006D36A0 /* Products */,
				09E4428BAA83FEA3A35EB170 /* Pods */,
				36365515EADC9497A8BB10B9 /* Frameworks */,
			);
			sourceTree = "<group>";
		};
		FC33AEEE203C2077006D36A0 /* Products */ = {
			isa = PBXGroup;
			children = (
				FC33AEED203C2077006D36A0 /* Todoey.app */,
			);
			name = Products;
			sourceTree = "<group>";
		};
		FC33AEEF203C2077006D36A0 /* Todoey */ = {
			isa = PBXGroup;
			children = (
				FC33AEF0203C2077006D36A0 /* AppDelegate.swift */,
				FC33AF05203C7066006D36A0 /* Controllers */,
				FC33AF04203C7046006D36A0 /* Data Model */,
				FC33AF06203C7084006D36A0 /* Views */,
				FC33AF07203C70B0006D36A0 /* Supporting Files */,
				FC33AEFC203C2078006D36A0 /* Info.plist */,
			);
			path = Todoey;
			sourceTree = "<group>";
		};
		FC33AF04203C7046006D36A0 /* Data Model */ = {
			isa = PBXGroup;
			children = (
				FC33AF08203D6961006D36A0 /* DataModel.xcdatamodeld */,
			);
			path = "Data Model";
			sourceTree = "<group>";
		};
		FC33AF05203C7066006D36A0 /* Controllers */ = {
			isa = PBXGroup;
			children = (
				FC33AF2E204014CE006D36A0 /* CategoryViewController.swift */,
				FC33AEF2203C2078006D36A0 /* TodoListWiewController.swift */,
			);
			path = Controllers;
			sourceTree = "<group>";
		};
		FC33AF06203C7084006D36A0 /* Views */ = {
			isa = PBXGroup;
			children = (
				FC33AEF4203C2078006D36A0 /* Main.storyboard */,
			);
			path = Views;
			sourceTree = "<group>";
		};
		FC33AF07203C70B0006D36A0 /* Supporting Files */ = {
			isa = PBXGroup;
			children = (
				FC33AEF7203C2078006D36A0 /* Assets.xcassets */,
				FC33AEF9203C2078006D36A0 /* LaunchScreen.storyboard */,
			);
			path = "Supporting Files";
			sourceTree = "<group>";
		};
/* End PBXGroup section */

/* Begin PBXNativeTarget section */
		FC33AEEC203C2077006D36A0 /* Todoey */ = {
			isa = PBXNativeTarget;
			buildConfigurationList = FC33AEFF203C2078006D36A0 /* Build configuration list for PBXNativeTarget "Todoey" */;
			buildPhases = (
				F8D863D1B83567DDF2CA9F16 /* [CP] Check Pods Manifest.lock */,
				FC33AEE9203C2077006D36A0 /* Sources */,
				FC33AEEA203C2077006D36A0 /* Frameworks */,
				FC33AEEB203C2077006D36A0 /* Resources */,
				76C09894EB3354D7B9A42F43 /* [CP] Embed Pods Frameworks */,
				43A726BE4F0F23F2DE55907F /* [CP] Copy Pods Resources */,
			);
			buildRules = (
			);
			dependencies = (
			);
			name = Todoey;
			productName = Todoey;
			productReference = FC33AEED203C2077006D36A0 /* Todoey.app */;
			productType = "com.apple.product-type.application";
		};
/* End PBXNativeTarget section */

/* Begin PBXProject section */
		FC33AEE5203C2077006D36A0 /* Project object */ = {
			isa = PBXProject;
			attributes = {
				LastSwiftUpdateCheck = 0920;
				LastUpgradeCheck = 0920;
				ORGANIZATIONNAME = "Giovani Kumara";
				TargetAttributes = {
					FC33AEEC203C2077006D36A0 = {
						CreatedOnToolsVersion = 9.2;
						ProvisioningStyle = Automatic;
					};
				};
			};
			buildConfigurationList = FC33AEE8203C2077006D36A0 /* Build configuration list for PBXProject "Todoey" */;
			compatibilityVersion = "Xcode 8.0";
			developmentRegion = en;
			hasScannedForEncodings = 0;
			knownRegions = (
				en,
				Base,
			);
			mainGroup = FC33AEE4203C2077006D36A0;
			productRefGroup = FC33AEEE203C2077006D36A0 /* Products */;
			projectDirPath = "";
			projectRoot = "";
			targets = (
				FC33AEEC203C2077006D36A0 /* Todoey */,
			);
		};
/* End PBXProject section */

/* Begin PBXResourcesBuildPhase section */
		FC33AEEB203C2077006D36A0 /* Resources */ = {
			isa = PBXResourcesBuildPhase;
			buildActionMask = 2147483647;
			files = (
				FC33AEFB203C2078006D36A0 /* LaunchScreen.storyboard in Resources */,
				FC33AEF8203C2078006D36A0 /* Assets.xcassets in Resources */,
				FC33AEF6203C2078006D36A0 /* Main.storyboard in Resources */,
			);
			runOnlyForDeploymentPostprocessing = 0;
		};
/* End PBXResourcesBuildPhase section */

/* Begin PBXShellScriptBuildPhase section */
		43A726BE4F0F23F2DE55907F /* [CP] Copy Pods Resources */ = {
			isa = PBXShellScriptBuildPhase;
			buildActionMask = 2147483647;
			files = (
			);
			inputPaths = (
			);
			name = "[CP] Copy Pods Resources";
			outputPaths = (
			);
			runOnlyForDeploymentPostprocessing = 0;
			shellPath = /bin/sh;
			shellScript = "\"${SRCROOT}/Pods/Target Support Files/Pods-Todoey/Pods-Todoey-resources.sh\"\n";
			showEnvVarsInLog = 0;
		};
		76C09894EB3354D7B9A42F43 /* [CP] Embed Pods Frameworks */ = {
			isa = PBXShellScriptBuildPhase;
			buildActionMask = 2147483647;
			files = (
			);
			inputPaths = (
				"${SRCROOT}/Pods/Target Support Files/Pods-Todoey/Pods-Todoey-frameworks.sh",
				"${BUILT_PRODUCTS_DIR}/Realm/Realm.framework",
				"${BUILT_PRODUCTS_DIR}/RealmSwift/RealmSwift.framework",
			);
			name = "[CP] Embed Pods Frameworks";
			outputPaths = (
				"${TARGET_BUILD_DIR}/${FRAMEWORKS_FOLDER_PATH}/Realm.framework",
				"${TARGET_BUILD_DIR}/${FRAMEWORKS_FOLDER_PATH}/RealmSwift.framework",
			);
			runOnlyForDeploymentPostprocessing = 0;
			shellPath = /bin/sh;
			shellScript = "\"${SRCROOT}/Pods/Target Support Files/Pods-Todoey/Pods-Todoey-frameworks.sh\"\n";
			showEnvVarsInLog = 0;
		};
		F8D863D1B83567DDF2CA9F16 /* [CP] Check Pods Manifest.lock */ = {
			isa = PBXShellScriptBuildPhase;
			buildActionMask = 2147483647;
			files = (
			);
			inputPaths = (
				"${PODS_PODFILE_DIR_PATH}/Podfile.lock",
				"${PODS_ROOT}/Manifest.lock",
			);
			name = "[CP] Check Pods Manifest.lock";
			outputPaths = (
				"$(DERIVED_FILE_DIR)/Pods-Todoey-checkManifestLockResult.txt",
			);
			runOnlyForDeploymentPostprocessing = 0;
			shellPath = /bin/sh;
			shellScript = "diff \"${PODS_PODFILE_DIR_PATH}/Podfile.lock\" \"${PODS_ROOT}/Manifest.lock\" > /dev/null\nif [ $? != 0 ] ; then\n    # print error to STDERR\n    echo \"error: The sandbox is not in sync with the Podfile.lock. Run 'pod install' or update your CocoaPods installation.\" >&2\n    exit 1\nfi\n# This output is used by Xcode 'outputs' to avoid re-running this script phase.\necho \"SUCCESS\" > \"${SCRIPT_OUTPUT_FILE_0}\"\n";
			showEnvVarsInLog = 0;
		};
/* End PBXShellScriptBuildPhase section */

/* Begin PBXSourcesBuildPhase section */
		FC33AEE9203C2077006D36A0 /* Sources */ = {
			isa = PBXSourcesBuildPhase;
			buildActionMask = 2147483647;
			files = (
				FC33AF2F204014CE006D36A0 /* CategoryViewController.swift in Sources */,
				FC33AEF3203C2078006D36A0 /* TodoListWiewController.swift in Sources */,
				FC33AF0A203D6962006D36A0 /* DataModel.xcdatamodeld in Sources */,
				FC33AEF1203C2077006D36A0 /* AppDelegate.swift in Sources */,
			);
			runOnlyForDeploymentPostprocessing = 0;
		};
/* End PBXSourcesBuildPhase section */

/* Begin PBXVariantGroup section */
		FC33AEF4203C2078006D36A0 /* Main.storyboard */ = {
			isa = PBXVariantGroup;
			children = (
				FC33AEF5203C2078006D36A0 /* Base */,
			);
			name = Main.storyboard;
			sourceTree = "<group>";
		};
		FC33AEF9203C2078006D36A0 /* LaunchScreen.storyboard */ = {
			isa = PBXVariantGroup;
			children = (
				FC33AEFA203C2078006D36A0 /* Base */,
			);
			name = LaunchScreen.storyboard;
			sourceTree = "<group>";
		};
/* End PBXVariantGroup section */

/* Begin XCBuildConfiguration section */
		FC33AEFD203C2078006D36A0 /* Debug */ = {
			isa = XCBuildConfiguration;
			buildSettings = {
				ALWAYS_SEARCH_USER_PATHS = NO;
				CLANG_ANALYZER_NONNULL = YES;
				CLANG_ANALYZER_NUMBER_OBJECT_CONVERSION = YES_AGGRESSIVE;
				CLANG_CXX_LANGUAGE_STANDARD = "gnu++14";
				CLANG_CXX_LIBRARY = "libc++";
				CLANG_ENABLE_MODULES = YES;
				CLANG_ENABLE_OBJC_ARC = YES;
				CLANG_WARN_BLOCK_CAPTURE_AUTORELEASING = YES;
				CLANG_WARN_BOOL_CONVERSION = YES;
				CLANG_WARN_COMMA = YES;
				CLANG_WARN_CONSTANT_CONVERSION = YES;
				CLANG_WARN_DIRECT_OBJC_ISA_USAGE = YES_ERROR;
				CLANG_WARN_DOCUMENTATION_COMMENTS = YES;
				CLANG_WARN_EMPTY_BODY = YES;
				CLANG_WARN_ENUM_CONVERSION = YES;
				CLANG_WARN_INFINITE_RECURSION = YES;
				CLANG_WARN_INT_CONVERSION = YES;
				CLANG_WARN_NON_LITERAL_NULL_CONVERSION = YES;
				CLANG_WARN_OBJC_LITERAL_CONVERSION = YES;
				CLANG_WARN_OBJC_ROOT_CLASS = YES_ERROR;
				CLANG_WARN_RANGE_LOOP_ANALYSIS = YES;
				CLANG_WARN_STRICT_PROTOTYPES = YES;
				CLANG_WARN_SUSPICIOUS_MOVE = YES;
				CLANG_WARN_UNGUARDED_AVAILABILITY = YES_AGGRESSIVE;
				CLANG_WARN_UNREACHABLE_CODE = YES;
				CLANG_WARN__DUPLICATE_METHOD_MATCH = YES;
				CODE_SIGN_IDENTITY = "iPhone Developer";
				COPY_PHASE_STRIP = NO;
				DEBUG_INFORMATION_FORMAT = dwarf;
				ENABLE_STRICT_OBJC_MSGSEND = YES;
				ENABLE_TESTABILITY = YES;
				GCC_C_LANGUAGE_STANDARD = gnu11;
				GCC_DYNAMIC_NO_PIC = NO;
				GCC_NO_COMMON_BLOCKS = YES;
				GCC_OPTIMIZATION_LEVEL = 0;
				GCC_PREPROCESSOR_DEFINITIONS = (
					"DEBUG=1",
					"$(inherited)",
				);
				GCC_WARN_64_TO_32_BIT_CONVERSION = YES;
				GCC_WARN_ABOUT_RETURN_TYPE = YES_ERROR;
				GCC_WARN_UNDECLARED_SELECTOR = YES;
				GCC_WARN_UNINITIALIZED_AUTOS = YES_AGGRESSIVE;
				GCC_WARN_UNUSED_FUNCTION = YES;
				GCC_WARN_UNUSED_VARIABLE = YES;
				IPHONEOS_DEPLOYMENT_TARGET = 11.2;
				MTL_ENABLE_DEBUG_INFO = YES;
				ONLY_ACTIVE_ARCH = YES;
				SDKROOT = iphoneos;
				SWIFT_ACTIVE_COMPILATION_CONDITIONS = DEBUG;
				SWIFT_OPTIMIZATION_LEVEL = "-Onone";
			};
			name = Debug;
		};
		FC33AEFE203C2078006D36A0 /* Release */ = {
			isa = XCBuildConfiguration;
			buildSettings = {
				ALWAYS_SEARCH_USER_PATHS = NO;
				CLANG_ANALYZER_NONNULL = YES;
				CLANG_ANALYZER_NUMBER_OBJECT_CONVERSION = YES_AGGRESSIVE;
				CLANG_CXX_LANGUAGE_STANDARD = "gnu++14";
				CLANG_CXX_LIBRARY = "libc++";
				CLANG_ENABLE_MODULES = YES;
				CLANG_ENABLE_OBJC_ARC = YES;
				CLANG_WARN_BLOCK_CAPTURE_AUTORELEASING = YES;
				CLANG_WARN_BOOL_CONVERSION = YES;
				CLANG_WARN_COMMA = YES;
				CLANG_WARN_CONSTANT_CONVERSION = YES;
				CLANG_WARN_DIRECT_OBJC_ISA_USAGE = YES_ERROR;
				CLANG_WARN_DOCUMENTATION_COMMENTS = YES;
				CLANG_WARN_EMPTY_BODY = YES;
				CLANG_WARN_ENUM_CONVERSION = YES;
				CLANG_WARN_INFINITE_RECURSION = YES;
				CLANG_WARN_INT_CONVERSION = YES;
				CLANG_WARN_NON_LITERAL_NULL_CONVERSION = YES;
				CLANG_WARN_OBJC_LITERAL_CONVERSION = YES;
				CLANG_WARN_OBJC_ROOT_CLASS = YES_ERROR;
				CLANG_WARN_RANGE_LOOP_ANALYSIS = YES;
				CLANG_WARN_STRICT_PROTOTYPES = YES;
				CLANG_WARN_SUSPICIOUS_MOVE = YES;
				CLANG_WARN_UNGUARDED_AVAILABILITY = YES_AGGRESSIVE;
				CLANG_WARN_UNREACHABLE_CODE = YES;
				CLANG_WARN__DUPLICATE_METHOD_MATCH = YES;
				CODE_SIGN_IDENTITY = "iPhone Developer";
				COPY_PHASE_STRIP = NO;
				DEBUG_INFORMATION_FORMAT = "dwarf-with-dsym";
				ENABLE_NS_ASSERTIONS = NO;
				ENABLE_STRICT_OBJC_MSGSEND = YES;
				GCC_C_LANGUAGE_STANDARD = gnu11;
				GCC_NO_COMMON_BLOCKS = YES;
				GCC_WARN_64_TO_32_BIT_CONVERSION = YES;
				GCC_WARN_ABOUT_RETURN_TYPE = YES_ERROR;
				GCC_WARN_UNDECLARED_SELECTOR = YES;
				GCC_WARN_UNINITIALIZED_AUTOS = YES_AGGRESSIVE;
				GCC_WARN_UNUSED_FUNCTION = YES;
				GCC_WARN_UNUSED_VARIABLE = YES;
				IPHONEOS_DEPLOYMENT_TARGET = 11.2;
				MTL_ENABLE_DEBUG_INFO = NO;
				SDKROOT = iphoneos;
				SWIFT_OPTIMIZATION_LEVEL = "-Owholemodule";
				VALIDATE_PRODUCT = YES;
			};
			name = Release;
		};
		FC33AF00203C2078006D36A0 /* Debug */ = {
			isa = XCBuildConfiguration;
			baseConfigurationReference = 85184DFDE69D0DEF3F3919ED /* Pods-Todoey.debug.xcconfig */;
			buildSettings = {
				ASSETCATALOG_COMPILER_APPICON_NAME = AppIcon;
				CODE_SIGN_STYLE = Automatic;
				DEVELOPMENT_TEAM = UXG4G84R3Q;
				INFOPLIST_FILE = Todoey/Info.plist;
				LD_RUNPATH_SEARCH_PATHS = "$(inherited) @executable_path/Frameworks";
				PRODUCT_BUNDLE_IDENTIFIER = com.giovanikumara.Todoey;
				PRODUCT_NAME = "$(TARGET_NAME)";
				SWIFT_VERSION = 4.0;
				TARGETED_DEVICE_FAMILY = "1,2";
			};
			name = Debug;
		};
		FC33AF01203C2078006D36A0 /* Release */ = {
			isa = XCBuildConfiguration;
			baseConfigurationReference = DC9E35407E196133CEB154B4 /* Pods-Todoey.release.xcconfig */;
			buildSettings = {
				ASSETCATALOG_COMPILER_APPICON_NAME = AppIcon;
				CODE_SIGN_STYLE = Automatic;
				DEVELOPMENT_TEAM = UXG4G84R3Q;
				INFOPLIST_FILE = Todoey/Info.plist;
				LD_RUNPATH_SEARCH_PATHS = "$(inherited) @executable_path/Frameworks";
				PRODUCT_BUNDLE_IDENTIFIER = com.giovanikumara.Todoey;
				PRODUCT_NAME = "$(TARGET_NAME)";
				SWIFT_VERSION = 4.0;
				TARGETED_DEVICE_FAMILY = "1,2";
			};
			name = Release;
		};
/* End XCBuildConfiguration section */

/* Begin XCConfigurationList section */
		FC33AEE8203C2077006D36A0 /* Build configuration list for PBXProject "Todoey" */ = {
			isa = XCConfigurationList;
			buildConfigurations = (
				FC33AEFD203C2078006D36A0 /* Debug */,
				FC33AEFE203C2078006D36A0 /* Release */,
			);
			defaultConfigurationIsVisible = 0;
			defaultConfigurationName = Release;
		};
		FC33AEFF203C2078006D36A0 /* Build configuration list for PBXNativeTarget "Todoey" */ = {
			isa = XCConfigurationList;
			buildConfigurations = (
				FC33AF00203C2078006D36A0 /* Debug */,
				FC33AF01203C2078006D36A0 /* Release */,
			);
			defaultConfigurationIsVisible = 0;
			defaultConfigurationName = Release;
		};
/* End XCConfigurationList section */

/* Begin XCVersionGroup section */
		FC33AF08203D6961006D36A0 /* DataModel.xcdatamodeld */ = {
			isa = XCVersionGroup;
			children = (
				FC33AF09203D6962006D36A0 /* DataModel.xcdatamodel */,
			);
			currentVersion = FC33AF09203D6962006D36A0 /* DataModel.xcdatamodel */;
			path = DataModel.xcdatamodeld;
			sourceTree = "<group>";
			versionGroupType = wrapper.xcdatamodel;
		};
/* End XCVersionGroup section */
	};
	rootObject = FC33AEE5203C2077006D36A0 /* Project object */;
}
